
Microsoft Visual Studio Solution File, Format Version 12.00
# Visual Studio Version 16
VisualStudioVersion = 16.0.31624.102
MinimumVisualStudioVersion = 10.0.40219.1
Project("{FAE04EC0-301F-11D3-BF4B-00C04F79EFBC}") = "Kr_1", "Kr_1\Kr_1.csproj", "{535B44C0-A17B-4F28-9113-0A0D30C8B33A}"
EndProject
Global
	GlobalSection(SolutionConfigurationPlatforms) = preSolution
		Debug|Any CPU = Debug|Any CPU
		Release|Any CPU = Release|Any CPU
	EndGlobalSection
	GlobalSection(ProjectConfigurationPlatforms) = postSolution
		{535B44C0-A17B-4F28-9113-0A0D30C8B33A}.Debug|Any CPU.ActiveCfg = Debug|Any CPU
		{535B44C0-A17B-4F28-9113-0A0D30C8B33A}.Debug|Any CPU.Build.0 = Debug|Any CPU
		{535B44C0-A17B-4F28-9113-0A0D30C8B33A}.Release|Any CPU.ActiveCfg = Release|Any CPU
		{535B44C0-A17B-4F28-9113-0A0D30C8B33A}.Release|Any CPU.Build.0 = Release|Any CPU
	EndGlobalSection
	GlobalSection(SolutionProperties) = preSolution
		HideSolutionNode = FALSE
	EndGlobalSection
	GlobalSection(ExtensibilityGlobals) = postSolution
		SolutionGuid = {79E4B065-6A1D-4AA7-9166-A1B7F1E2211B}
	EndGlobalSection
EndGlobal
